{
  "nodes": {
    "100.0": {
      "flake": false,
      "locked": {
        "lastModified": 1652122178,
        "narHash": "sha256-gitVP21/l26hfR+r7+ST2o7pY8ikr2u92n2uzuLgnKs=",
        "owner": "arkenfox",
        "repo": "user.js",
        "rev": "d6b26e75588bcd4311251c68912d3c77b8c6e996",
        "type": "github"
      },
      "original": {
        "owner": "arkenfox",
        "ref": "100.0",
        "repo": "user.js",
        "type": "github"
      }
    },
    "101.0": {
      "flake": false,
      "locked": {
        "lastModified": 1655041107,
        "narHash": "sha256-lGRqHEL9I8VgvSiUjT1DngFCsmEzM8n5J7vIfRj6TZM=",
        "owner": "arkenfox",
        "repo": "user.js",
        "rev": "1a899966a911dc2b69a808095ac7836bef5e214b",
        "type": "github"
      },
      "original": {
        "owner": "arkenfox",
        "ref": "101.0",
        "repo": "user.js",
        "type": "github"
      }
    },
    "102.0": {
      "flake": false,
      "locked": {
        "lastModified": 1656722605,
        "narHash": "sha256-1M1lf3ah4I5KOPlTIZ52uEha8tuQu1wkgkdzEB4iK/0=",
        "owner": "arkenfox",
        "repo": "user.js",
        "rev": "ceacc9dd74086478d43ccf3a4f0bd5befda53a43",
        "type": "github"
      },
      "original": {
        "owner": "arkenfox",
        "ref": "102.0",
        "repo": "user.js",
        "type": "github"
      }
    },
    "103.0": {
      "flake": false,
      "locked": {
        "lastModified": 1660764278,
        "narHash": "sha256-MhlZav86gz8bH1aEWyNFNLnc6T7MBU1d3dGHtG2lEnA=",
        "owner": "arkenfox",
        "repo": "user.js",
        "rev": "0dba33688fe468aca9b58c60910201afb3b89f60",
        "type": "github"
      },
      "original": {
        "owner": "arkenfox",
        "ref": "103.0",
        "repo": "user.js",
        "type": "github"
      }
    },
    "104.0": {
      "flake": false,
      "locked": {
        "lastModified": 1662893183,
        "narHash": "sha256-NyP/kJlV1Ai7os3gMqukKMdRSQ78GAjPCJkZDZtDdeo=",
        "owner": "arkenfox",
        "repo": "user.js",
        "rev": "3f09afdee07c5aea33f6dc4194e1425d6400a0d7",
        "type": "github"
      },
      "original": {
        "owner": "arkenfox",
        "ref": "104.0",
        "repo": "user.js",
        "type": "github"
      }
    },
    "105.0": {
      "flake": false,
      "locked": {
        "lastModified": 1664904885,
        "narHash": "sha256-XUjX+Tno3EU/3IXR/WCn4M5gVR+sKjCzpKcV31dqzWA=",
        "owner": "arkenfox",
        "repo": "user.js",
        "rev": "db04bc44f2982ae8e39f10d056bc7cfe7804d4fd",
        "type": "github"
      },
      "original": {
        "owner": "arkenfox",
        "ref": "105.0",
        "repo": "user.js",
        "type": "github"
      }
    },
    "106.0": {
      "flake": false,
      "locked": {
        "lastModified": 1667741320,
        "narHash": "sha256-WB9w/UoFqp/WyRhe87dNqwbMAXa8lmsK/QCeTzRWmj8=",
        "owner": "arkenfox",
        "repo": "user.js",
        "rev": "8a65c5a7bad0ec764d968b0941ebdf01bdcd2408",
        "type": "github"
      },
      "original": {
        "owner": "arkenfox",
        "ref": "106.0",
        "repo": "user.js",
        "type": "github"
      }
    },
    "107.0": {
      "flake": false,
      "locked": {
        "lastModified": 1668912908,
        "narHash": "sha256-LeSJvxkTU4491rmkznbIm3l/ZiC+876OsLfej2Aj4Ro=",
        "owner": "arkenfox",
        "repo": "user.js",
        "rev": "e8ea7f3f23b9a7f257b61ad7553b4b64b3965ddc",
        "type": "github"
      },
      "original": {
        "owner": "arkenfox",
        "ref": "refs/pull/1579/head",
        "repo": "user.js",
        "type": "github"
      }
    },
    "93.0": {
      "flake": false,
      "locked": {
        "lastModified": 1634027026,
        "narHash": "sha256-/ITf8nv/IWR1sKBchPtdkPjZO5OFH9p6FgVbDfBrJc8=",
        "owner": "arkenfox",
        "repo": "user.js",
        "rev": "85438d00e457bff692303af519da618c6372476b",
        "type": "github"
      },
      "original": {
        "owner": "arkenfox",
        "ref": "93.0",
        "repo": "user.js",
        "type": "github"
      }
    },
    "94.0": {
      "flake": false,
      "locked": {
        "lastModified": 1637651503,
        "narHash": "sha256-RvG+GRh8Md1yrTzFniu1G2UpTnOb7KCGDfQmFvdtl58=",
        "owner": "arkenfox",
        "repo": "user.js",
        "rev": "cbfb8abf1544c3e87f412f64a9747bd1dea4a705",
        "type": "github"
      },
      "original": {
        "owner": "arkenfox",
        "ref": "94.0",
        "repo": "user.js",
        "type": "github"
      }
    },
    "95.0": {
      "flake": false,
      "locked": {
        "lastModified": 1638965627,
        "narHash": "sha256-4g1Vu4zF+EtHK123zSxIDP1wYROK2rqS897Kcv2C/cI=",
        "owner": "arkenfox",
        "repo": "user.js",
        "rev": "7e1b92567ca2bb76ad358d0fc786fd60b3cf7970",
        "type": "github"
      },
      "original": {
        "owner": "arkenfox",
        "ref": "95.0",
        "repo": "user.js",
        "type": "github"
      }
    },
    "96.0": {
      "flake": false,
      "locked": {
        "lastModified": 1642736886,
        "narHash": "sha256-P2C59t4DnM11I9GDL9xyc2m8Ml0T8gRuom7UtWykWnk=",
        "owner": "arkenfox",
        "repo": "user.js",
        "rev": "ac0820a5dc00e04fe14fc2a74ba75e590883293c",
        "type": "github"
      },
      "original": {
        "owner": "arkenfox",
        "ref": "96.0",
        "repo": "user.js",
        "type": "github"
      }
    },
    "97.0": {
      "flake": false,
      "locked": {
        "lastModified": 1644750900,
        "narHash": "sha256-Df2D2eBifkZpFklPBbE94AvgAUM/NUAAiuqUzp67Hdo=",
        "owner": "arkenfox",
        "repo": "user.js",
        "rev": "a98b73c64e2e0b505efb6b23d34e6c5d90abe2c8",
        "type": "github"
      },
      "original": {
        "owner": "arkenfox",
        "ref": "97.0",
        "repo": "user.js",
        "type": "github"
      }
    },
    "98.0": {
      "flake": false,
      "locked": {
        "lastModified": 1646873050,
        "narHash": "sha256-HJu+azYJRMW0C5hhU96pkwZxql7Ijpiz2sw9e/JoqR8=",
        "owner": "arkenfox",
        "repo": "user.js",
        "rev": "d9af90d05f477e5e25f8d9f545eeb7fe0a235d2a",
        "type": "github"
      },
      "original": {
        "owner": "arkenfox",
        "ref": "98.0",
        "repo": "user.js",
        "type": "github"
      }
    },
    "99.0": {
      "flake": false,
      "locked": {
        "lastModified": 1649497545,
        "narHash": "sha256-ScO19N/EVpmMzdN2kkfjYIJN7c0CQdZJ9qMZReqMpI4=",
        "owner": "arkenfox",
        "repo": "user.js",
        "rev": "4ff931781a1bf012e0e7e2ec89dc5c2a9bedd890",
        "type": "github"
      },
      "original": {
        "owner": "arkenfox",
        "ref": "99.0",
        "repo": "user.js",
        "type": "github"
      }
    },
    "arkenfox": {
      "inputs": {
        "100.0": "100.0",
        "101.0": "101.0",
        "102.0": "102.0",
        "103.0": "103.0",
        "104.0": "104.0",
        "105.0": "105.0",
        "106.0": "106.0",
        "107.0": "107.0",
        "93.0": "93.0",
        "94.0": "94.0",
        "95.0": "95.0",
        "96.0": "96.0",
        "97.0": "97.0",
        "98.0": "98.0",
        "99.0": "99.0",
        "master": "master",
        "nixpkgs": "nixpkgs"
      },
      "locked": {
        "lastModified": 1672673185,
        "narHash": "sha256-wnEJOjhwgoSHFnBQfGHkPefuUSvTegRYed6BUOguk9g=",
        "owner": "dwarfmaster",
        "repo": "arkenfox-nixos",
        "rev": "b46b140fe8631e4bc26f80d04477691df2d84af2",
        "type": "github"
      },
      "original": {
        "owner": "dwarfmaster",
        "repo": "arkenfox-nixos",
        "type": "github"
      }
    },
    "base16-schemes": {
      "flake": false,
      "locked": {
        "lastModified": 1665690101,
        "narHash": "sha256-J2ZvNaVFkqaTXzYO5L+jyRORfIOavFPKvWItP6UTMKs=",
        "owner": "tinted-theming",
        "repo": "base16-schemes",
        "rev": "a3dc916cf90471a422c0bfe1bb4b1bdd12185ced",
        "type": "github"
      },
      "original": {
        "owner": "tinted-theming",
        "repo": "base16-schemes",
        "type": "github"
      }
    },
    "hardware": {
      "locked": {
        "lastModified": 1672644464,
        "narHash": "sha256-RYlvRMcQNT7FDoDkViijQBHg9g+blsB+U6AvL/gAsPI=",
        "owner": "nixos",
        "repo": "nixos-hardware",
        "rev": "ca29e25c39b8e117d4d76a81f1e229824a9b3a26",
        "type": "github"
      },
      "original": {
        "owner": "nixos",
        "repo": "nixos-hardware",
        "type": "github"
      }
    },
    "home-manager": {
      "inputs": {
        "nixpkgs": [
          "nixpkgs"
        ],
        "utils": "utils"
      },
      "locked": {
        "lastModified": 1673089714,
        "narHash": "sha256-D58SGNOVe+s7r2iewnCA8q68gyrfQcOnD1TdJo1wFLY=",
        "owner": "nix-community",
        "repo": "home-manager",
        "rev": "9e565f0d9d41c19a94f55af205c328ec5177fc0a",
        "type": "github"
      },
      "original": {
        "owner": "nix-community",
        "repo": "home-manager",
        "type": "github"
      }
    },
    "master": {
      "flake": false,
      "locked": {
        "lastModified": 1670682948,
        "narHash": "sha256-yFg8U4D+qD9UQXhpAXrl9Ksj16zrCLOgahMtT9QS2Y8=",
        "owner": "arkenfox",
        "repo": "user.js",
        "rev": "7135907b2fe13fa55eb8ebf162603037f83e353c",
        "type": "github"
      },
      "original": {
        "owner": "arkenfox",
        "repo": "user.js",
        "type": "github"
      }
    },
    "nix-colors": {
      "inputs": {
        "base16-schemes": "base16-schemes",
        "nixpkgs-lib": "nixpkgs-lib"
      },
      "locked": {
        "lastModified": 1672236234,
        "narHash": "sha256-dpBIuxcDEvJbLD8fTipE0A0JbQD1lZB94zYFPoh01PI=",
        "owner": "misterio77",
        "repo": "nix-colors",
        "rev": "7e459f1d88ac54fc2f4b308adb5064863006e4b1",
        "type": "github"
      },
      "original": {
        "owner": "misterio77",
        "repo": "nix-colors",
        "type": "github"
      }
    },
    "nixpkgs": {
      "locked": {
        "lastModified": 1672501226,
        "narHash": "sha256-jzR7tUl9VZU77RpXKjG8V7VT9PVoaK8FmJnb+eNTm3Q=",
        "owner": "NixOS",
        "repo": "nixpkgs",
        "rev": "5353b10bd9a05533a94cf2e5629cf18b0af089dc",
        "type": "github"
      },
      "original": {
        "id": "nixpkgs",
        "ref": "release-22.05",
        "type": "indirect"
      }
    },
    "nixpkgs-lib": {
      "locked": {
        "lastModified": 1655599917,
        "narHash": "sha256-kjZbt5WdTrnjMxL79okg9TCoRUdADG50x/TWozbyTsE=",
        "owner": "nix-community",
        "repo": "nixpkgs.lib",
        "rev": "5fb55578aa2f1a502d636a8ac71aece57cb730bb",
        "type": "github"
      },
      "original": {
        "owner": "nix-community",
        "repo": "nixpkgs.lib",
        "type": "github"
      }
    },
    "nixpkgs_2": {
      "locked": {
        "lastModified": 1672953546,
        "narHash": "sha256-oz757DnJ1ITvwyTovuwG3l9cX6j9j6/DH9eH+cXFJmc=",
        "owner": "nixos",
        "repo": "nixpkgs",
        "rev": "a518c77148585023ff56022f09c4b2c418a51ef5",
        "type": "github"
      },
      "original": {
        "owner": "nixos",
        "ref": "nixos-unstable",
        "repo": "nixpkgs",
        "type": "github"
      }
    },
    "nur": {
      "locked": {
        "lastModified": 1673177084,
        "narHash": "sha256-bgvdWyOnZSMXWIq5lG4glhWX4XJTP0TojkTczvvRyyk=",
        "owner": "nix-community",
        "repo": "NUR",
        "rev": "36cba621b7dba7c540c2dd9103c4f791a24efad1",
        "type": "github"
      },
      "original": {
        "owner": "nix-community",
        "repo": "NUR",
        "type": "github"
      }
    },
    "root": {
      "inputs": {
        "arkenfox": "arkenfox",
        "hardware": "hardware",
        "home-manager": "home-manager",
        "nix-colors": "nix-colors",
        "nixpkgs": "nixpkgs_2",
        "nur": "nur"
      }
    },
    "utils": {
      "locked": {
        "lastModified": 1667395993,
        "narHash": "sha256-nuEHfE/LcWyuSWnS8t12N1wc105Qtau+/OdUAjtQ0rA=",
        "owner": "numtide",
        "repo": "flake-utils",
        "rev": "5aed5285a952e0b949eb3ba02c12fa4fcfef535f",
        "type": "github"
      },
      "original": {
        "owner": "numtide",
        "repo": "flake-utils",
        "type": "github"
      }
    }
  },
  "root": "root",
  "version": 7
}
