{
  "nodes": {
    "100.0": {
      "flake": false,
      "locked": {
        "lastModified": 1652122178,
        "narHash": "sha256-gitVP21/l26hfR+r7+ST2o7pY8ikr2u92n2uzuLgnKs=",
        "owner": "arkenfox",
        "repo": "user.js",
        "rev": "d6b26e75588bcd4311251c68912d3c77b8c6e996",
        "type": "github"
      },
      "original": {
        "owner": "arkenfox",
        "ref": "100.0",
        "repo": "user.js",
        "type": "github"
      }
    },
    "101.0": {
      "flake": false,
      "locked": {
        "lastModified": 1655041107,
        "narHash": "sha256-lGRqHEL9I8VgvSiUjT1DngFCsmEzM8n5J7vIfRj6TZM=",
        "owner": "arkenfox",
        "repo": "user.js",
        "rev": "1a899966a911dc2b69a808095ac7836bef5e214b",
        "type": "github"
      },
      "original": {
        "owner": "arkenfox",
        "ref": "101.0",
        "repo": "user.js",
        "type": "github"
      }
    },
    "102.0": {
      "flake": false,
      "locked": {
        "lastModified": 1656722605,
        "narHash": "sha256-1M1lf3ah4I5KOPlTIZ52uEha8tuQu1wkgkdzEB4iK/0=",
        "owner": "arkenfox",
        "repo": "user.js",
        "rev": "ceacc9dd74086478d43ccf3a4f0bd5befda53a43",
        "type": "github"
      },
      "original": {
        "owner": "arkenfox",
        "ref": "102.0",
        "repo": "user.js",
        "type": "github"
      }
    },
    "103.0": {
      "flake": false,
      "locked": {
        "lastModified": 1660764278,
        "narHash": "sha256-MhlZav86gz8bH1aEWyNFNLnc6T7MBU1d3dGHtG2lEnA=",
        "owner": "arkenfox",
        "repo": "user.js",
        "rev": "0dba33688fe468aca9b58c60910201afb3b89f60",
        "type": "github"
      },
      "original": {
        "owner": "arkenfox",
        "ref": "103.0",
        "repo": "user.js",
        "type": "github"
      }
    },
    "104.0": {
      "flake": false,
      "locked": {
        "lastModified": 1662893183,
        "narHash": "sha256-NyP/kJlV1Ai7os3gMqukKMdRSQ78GAjPCJkZDZtDdeo=",
        "owner": "arkenfox",
        "repo": "user.js",
        "rev": "3f09afdee07c5aea33f6dc4194e1425d6400a0d7",
        "type": "github"
      },
      "original": {
        "owner": "arkenfox",
        "ref": "104.0",
        "repo": "user.js",
        "type": "github"
      }
    },
    "105.0": {
      "flake": false,
      "locked": {
        "lastModified": 1664904885,
        "narHash": "sha256-XUjX+Tno3EU/3IXR/WCn4M5gVR+sKjCzpKcV31dqzWA=",
        "owner": "arkenfox",
        "repo": "user.js",
        "rev": "db04bc44f2982ae8e39f10d056bc7cfe7804d4fd",
        "type": "github"
      },
      "original": {
        "owner": "arkenfox",
        "ref": "105.0",
        "repo": "user.js",
        "type": "github"
      }
    },
    "106.0": {
      "flake": false,
      "locked": {
        "lastModified": 1667741320,
        "narHash": "sha256-WB9w/UoFqp/WyRhe87dNqwbMAXa8lmsK/QCeTzRWmj8=",
        "owner": "arkenfox",
        "repo": "user.js",
        "rev": "8a65c5a7bad0ec764d968b0941ebdf01bdcd2408",
        "type": "github"
      },
      "original": {
        "owner": "arkenfox",
        "ref": "106.0",
        "repo": "user.js",
        "type": "github"
      }
    },
    "107.0": {
      "flake": false,
      "locked": {
        "lastModified": 1668990997,
        "narHash": "sha256-TZKoArzALuCNWNBq3un091eR3uRLAi59z/AZ64Xg3BQ=",
        "owner": "arkenfox",
        "repo": "user.js",
        "rev": "cc0f05388f6c721c358e89372caac604f84fd0d9",
        "type": "github"
      },
      "original": {
        "owner": "arkenfox",
        "ref": "107.0",
        "repo": "user.js",
        "type": "github"
      }
    },
    "108.0": {
      "flake": false,
      "locked": {
        "lastModified": 1673196505,
        "narHash": "sha256-YsQbH6bqp2I52meYf0X0DQpwLlDdu5pK9XHMT/9RqOg=",
        "owner": "arkenfox",
        "repo": "user.js",
        "rev": "62a68f08147123b0c2c288ffdecc3f03e4ab1ae8",
        "type": "github"
      },
      "original": {
        "owner": "arkenfox",
        "ref": "108.0",
        "repo": "user.js",
        "type": "github"
      }
    },
    "109.0": {
      "flake": false,
      "locked": {
        "lastModified": 1675728165,
        "narHash": "sha256-ebSx6DaXoGKcCoK6UcDnWvdAW6J2X6pJRPD1Pw7UNOw=",
        "owner": "arkenfox",
        "repo": "user.js",
        "rev": "73884850632ffe284f76881786f7d5903b917f58",
        "type": "github"
      },
      "original": {
        "owner": "arkenfox",
        "ref": "109.0",
        "repo": "user.js",
        "type": "github"
      }
    },
    "93.0": {
      "flake": false,
      "locked": {
        "lastModified": 1634027026,
        "narHash": "sha256-/ITf8nv/IWR1sKBchPtdkPjZO5OFH9p6FgVbDfBrJc8=",
        "owner": "arkenfox",
        "repo": "user.js",
        "rev": "85438d00e457bff692303af519da618c6372476b",
        "type": "github"
      },
      "original": {
        "owner": "arkenfox",
        "ref": "93.0",
        "repo": "user.js",
        "type": "github"
      }
    },
    "94.0": {
      "flake": false,
      "locked": {
        "lastModified": 1637651503,
        "narHash": "sha256-RvG+GRh8Md1yrTzFniu1G2UpTnOb7KCGDfQmFvdtl58=",
        "owner": "arkenfox",
        "repo": "user.js",
        "rev": "cbfb8abf1544c3e87f412f64a9747bd1dea4a705",
        "type": "github"
      },
      "original": {
        "owner": "arkenfox",
        "ref": "94.0",
        "repo": "user.js",
        "type": "github"
      }
    },
    "95.0": {
      "flake": false,
      "locked": {
        "lastModified": 1638965627,
        "narHash": "sha256-4g1Vu4zF+EtHK123zSxIDP1wYROK2rqS897Kcv2C/cI=",
        "owner": "arkenfox",
        "repo": "user.js",
        "rev": "7e1b92567ca2bb76ad358d0fc786fd60b3cf7970",
        "type": "github"
      },
      "original": {
        "owner": "arkenfox",
        "ref": "95.0",
        "repo": "user.js",
        "type": "github"
      }
    },
    "96.0": {
      "flake": false,
      "locked": {
        "lastModified": 1642736886,
        "narHash": "sha256-P2C59t4DnM11I9GDL9xyc2m8Ml0T8gRuom7UtWykWnk=",
        "owner": "arkenfox",
        "repo": "user.js",
        "rev": "ac0820a5dc00e04fe14fc2a74ba75e590883293c",
        "type": "github"
      },
      "original": {
        "owner": "arkenfox",
        "ref": "96.0",
        "repo": "user.js",
        "type": "github"
      }
    },
    "97.0": {
      "flake": false,
      "locked": {
        "lastModified": 1644750900,
        "narHash": "sha256-Df2D2eBifkZpFklPBbE94AvgAUM/NUAAiuqUzp67Hdo=",
        "owner": "arkenfox",
        "repo": "user.js",
        "rev": "a98b73c64e2e0b505efb6b23d34e6c5d90abe2c8",
        "type": "github"
      },
      "original": {
        "owner": "arkenfox",
        "ref": "97.0",
        "repo": "user.js",
        "type": "github"
      }
    },
    "98.0": {
      "flake": false,
      "locked": {
        "lastModified": 1646873050,
        "narHash": "sha256-HJu+azYJRMW0C5hhU96pkwZxql7Ijpiz2sw9e/JoqR8=",
        "owner": "arkenfox",
        "repo": "user.js",
        "rev": "d9af90d05f477e5e25f8d9f545eeb7fe0a235d2a",
        "type": "github"
      },
      "original": {
        "owner": "arkenfox",
        "ref": "98.0",
        "repo": "user.js",
        "type": "github"
      }
    },
    "99.0": {
      "flake": false,
      "locked": {
        "lastModified": 1649497545,
        "narHash": "sha256-ScO19N/EVpmMzdN2kkfjYIJN7c0CQdZJ9qMZReqMpI4=",
        "owner": "arkenfox",
        "repo": "user.js",
        "rev": "4ff931781a1bf012e0e7e2ec89dc5c2a9bedd890",
        "type": "github"
      },
      "original": {
        "owner": "arkenfox",
        "ref": "99.0",
        "repo": "user.js",
        "type": "github"
      }
    },
    "arkenfox": {
      "inputs": {
        "100.0": "100.0",
        "101.0": "101.0",
        "102.0": "102.0",
        "103.0": "103.0",
        "104.0": "104.0",
        "105.0": "105.0",
        "106.0": "106.0",
        "107.0": "107.0",
        "108.0": "108.0",
        "109.0": "109.0",
        "93.0": "93.0",
        "94.0": "94.0",
        "95.0": "95.0",
        "96.0": "96.0",
        "97.0": "97.0",
        "98.0": "98.0",
        "99.0": "99.0",
        "flake-compat": "flake-compat",
        "master": "master",
        "nixpkgs": "nixpkgs"
      },
      "locked": {
        "lastModified": 1676881905,
        "narHash": "sha256-Im/KQhk3fJouLmIjUQnEU88mJTwqo9QBx9x2KHARyHo=",
        "owner": "dwarfmaster",
        "repo": "arkenfox-nixos",
        "rev": "b44010831ee47f80327e4f17c3a21e86d3bea8fa",
        "type": "github"
      },
      "original": {
        "owner": "dwarfmaster",
        "repo": "arkenfox-nixos",
        "type": "github"
      }
    },
    "base16-schemes": {
      "flake": false,
      "locked": {
        "lastModified": 1665690101,
        "narHash": "sha256-J2ZvNaVFkqaTXzYO5L+jyRORfIOavFPKvWItP6UTMKs=",
        "owner": "tinted-theming",
        "repo": "base16-schemes",
        "rev": "a3dc916cf90471a422c0bfe1bb4b1bdd12185ced",
        "type": "github"
      },
      "original": {
        "owner": "tinted-theming",
        "repo": "base16-schemes",
        "type": "github"
      }
    },
    "beautysh": {
      "inputs": {
        "nixpkgs": [
          "nixvim",
          "nixpkgs"
        ],
        "poetry2nix": "poetry2nix",
        "utils": "utils_2"
      },
      "locked": {
        "lastModified": 1669854260,
        "narHash": "sha256-Z8NAL3g4i5LAhxveNGJhrVDHxIBbUf1lVIy/Thr2RMU=",
        "owner": "lovesegfault",
        "repo": "beautysh",
        "rev": "d616eb8d9d05ee4fb33de9c5521d99c3f0695d52",
        "type": "github"
      },
      "original": {
        "owner": "lovesegfault",
        "repo": "beautysh",
        "type": "github"
      }
    },
    "flake-compat": {
      "flake": false,
      "locked": {
        "lastModified": 1673956053,
        "narHash": "sha256-4gtG9iQuiKITOjNQQeQIpoIB6b16fm+504Ch3sNKLd8=",
        "owner": "edolstra",
        "repo": "flake-compat",
        "rev": "35bb57c0c8d8b62bbfd284272c928ceb64ddbde9",
        "type": "github"
      },
      "original": {
        "owner": "edolstra",
        "repo": "flake-compat",
        "type": "github"
      }
    },
    "flake-compat_2": {
      "flake": false,
      "locked": {
        "lastModified": 1673956053,
        "narHash": "sha256-4gtG9iQuiKITOjNQQeQIpoIB6b16fm+504Ch3sNKLd8=",
        "owner": "edolstra",
        "repo": "flake-compat",
        "rev": "35bb57c0c8d8b62bbfd284272c928ceb64ddbde9",
        "type": "github"
      },
      "original": {
        "owner": "edolstra",
        "repo": "flake-compat",
        "type": "github"
      }
    },
    "flake-utils": {
      "locked": {
        "lastModified": 1676283394,
        "narHash": "sha256-XX2f9c3iySLCw54rJ/CZs+ZK6IQy7GXNY4nSOyu2QG4=",
        "owner": "numtide",
        "repo": "flake-utils",
        "rev": "3db36a8b464d0c4532ba1c7dda728f4576d6d073",
        "type": "github"
      },
      "original": {
        "owner": "numtide",
        "repo": "flake-utils",
        "type": "github"
      }
    },
    "flake-utils_2": {
      "locked": {
        "lastModified": 1667395993,
        "narHash": "sha256-nuEHfE/LcWyuSWnS8t12N1wc105Qtau+/OdUAjtQ0rA=",
        "owner": "numtide",
        "repo": "flake-utils",
        "rev": "5aed5285a952e0b949eb3ba02c12fa4fcfef535f",
        "type": "github"
      },
      "original": {
        "owner": "numtide",
        "repo": "flake-utils",
        "type": "github"
      }
    },
    "gitignore": {
      "inputs": {
        "nixpkgs": [
          "nixvim",
          "pre-commit-hooks",
          "nixpkgs"
        ]
      },
      "locked": {
        "lastModified": 1660459072,
        "narHash": "sha256-8DFJjXG8zqoONA1vXtgeKXy68KdJL5UaXR8NtVMUbx8=",
        "owner": "hercules-ci",
        "repo": "gitignore.nix",
        "rev": "a20de23b925fd8264fd7fad6454652e142fd7f73",
        "type": "github"
      },
      "original": {
        "owner": "hercules-ci",
        "repo": "gitignore.nix",
        "type": "github"
      }
    },
    "hardware": {
      "locked": {
        "lastModified": 1678397099,
        "narHash": "sha256-5xq8YJe+h19TlD+EI4AE/3H3jcCcQ2AWU6CWBVc5tRc=",
        "owner": "nixos",
        "repo": "nixos-hardware",
        "rev": "556101ff85bd6e20900ec73ee525b935154bc8ea",
        "type": "github"
      },
      "original": {
        "owner": "nixos",
        "repo": "nixos-hardware",
        "type": "github"
      }
    },
    "home-manager": {
      "inputs": {
        "nixpkgs": [
          "nixpkgs"
        ],
        "utils": "utils"
      },
      "locked": {
        "lastModified": 1678571066,
        "narHash": "sha256-MrlMr2A3tK1MY/JUGWMVzMwois8+mHWXm/1yYdwQSIc=",
        "owner": "nix-community",
        "repo": "home-manager",
        "rev": "bf5712c5865e543fb3f4796511d4cf51efd841b1",
        "type": "github"
      },
      "original": {
        "owner": "nix-community",
        "repo": "home-manager",
        "type": "github"
      }
    },
    "master": {
      "flake": false,
      "locked": {
        "lastModified": 1675728165,
        "narHash": "sha256-ebSx6DaXoGKcCoK6UcDnWvdAW6J2X6pJRPD1Pw7UNOw=",
        "owner": "arkenfox",
        "repo": "user.js",
        "rev": "73884850632ffe284f76881786f7d5903b917f58",
        "type": "github"
      },
      "original": {
        "owner": "arkenfox",
        "repo": "user.js",
        "type": "github"
      }
    },
    "nix-colors": {
      "inputs": {
        "base16-schemes": "base16-schemes",
        "nixpkgs-lib": "nixpkgs-lib"
      },
      "locked": {
        "lastModified": 1672236234,
        "narHash": "sha256-dpBIuxcDEvJbLD8fTipE0A0JbQD1lZB94zYFPoh01PI=",
        "owner": "misterio77",
        "repo": "nix-colors",
        "rev": "7e459f1d88ac54fc2f4b308adb5064863006e4b1",
        "type": "github"
      },
      "original": {
        "owner": "misterio77",
        "repo": "nix-colors",
        "type": "github"
      }
    },
    "nixpkgs": {
      "locked": {
        "lastModified": 1672580127,
        "narHash": "sha256-3lW3xZslREhJogoOkjeZtlBtvFMyxHku7I/9IVehhT8=",
        "owner": "NixOS",
        "repo": "nixpkgs",
        "rev": "0874168639713f547c05947c76124f78441ea46c",
        "type": "github"
      },
      "original": {
        "id": "nixpkgs",
        "ref": "release-22.05",
        "type": "indirect"
      }
    },
    "nixpkgs-lib": {
      "locked": {
        "lastModified": 1655599917,
        "narHash": "sha256-kjZbt5WdTrnjMxL79okg9TCoRUdADG50x/TWozbyTsE=",
        "owner": "nix-community",
        "repo": "nixpkgs.lib",
        "rev": "5fb55578aa2f1a502d636a8ac71aece57cb730bb",
        "type": "github"
      },
      "original": {
        "owner": "nix-community",
        "repo": "nixpkgs.lib",
        "type": "github"
      }
    },
    "nixpkgs-stable": {
      "locked": {
        "lastModified": 1673800717,
        "narHash": "sha256-SFHraUqLSu5cC6IxTprex/nTsI81ZQAtDvlBvGDWfnA=",
        "owner": "NixOS",
        "repo": "nixpkgs",
        "rev": "2f9fd351ec37f5d479556cd48be4ca340da59b8f",
        "type": "github"
      },
      "original": {
        "owner": "NixOS",
        "ref": "nixos-22.11",
        "repo": "nixpkgs",
        "type": "github"
      }
    },
    "nixpkgs_2": {
      "locked": {
        "lastModified": 1678470307,
        "narHash": "sha256-OEeMUr3ueLIXyW/OaFUX5jUdimyQwMg/7e+/Q0gC/QE=",
        "owner": "nixos",
        "repo": "nixpkgs",
        "rev": "0c4800d579af4ed98ecc47d464a5e7b0870c4b1f",
        "type": "github"
      },
      "original": {
        "owner": "nixos",
        "ref": "nixos-unstable",
        "repo": "nixpkgs",
        "type": "github"
      }
    },
    "nixpkgs_3": {
      "locked": {
        "lastModified": 1677342105,
        "narHash": "sha256-kv1fpkfCJGb0M+LZaCHFUuIS9kRIwyVgupHu86Y28nc=",
        "owner": "NixOS",
        "repo": "nixpkgs",
        "rev": "b1f87ca164a9684404c8829b851c3586c4d9f089",
        "type": "github"
      },
      "original": {
        "owner": "NixOS",
        "ref": "nixos-unstable",
        "repo": "nixpkgs",
        "type": "github"
      }
    },
    "nixvim": {
      "inputs": {
        "beautysh": "beautysh",
        "flake-utils": "flake-utils",
        "nixpkgs": "nixpkgs_3",
        "pre-commit-hooks": "pre-commit-hooks"
      },
      "locked": {
        "lastModified": 1678618181,
        "narHash": "sha256-qCQfc4tmaJfS3PhX4VK5ETze7kHl02a+s57mDhdpHnw=",
        "owner": "pta2002",
        "repo": "nixvim",
        "rev": "933c87c282b83f2f850145491665f91e4ebcce42",
        "type": "github"
      },
      "original": {
        "owner": "pta2002",
        "repo": "nixvim",
        "type": "github"
      }
    },
    "nur": {
      "locked": {
        "lastModified": 1678614282,
        "narHash": "sha256-xOdcIyqjSabQu16+kRDaetbRI2U9+HUhf2pbMIT9NZs=",
        "owner": "nix-community",
        "repo": "NUR",
        "rev": "e1452cb657eafdcc699c30bd85383f2488de8eb9",
        "type": "github"
      },
      "original": {
        "owner": "nix-community",
        "repo": "NUR",
        "type": "github"
      }
    },
    "poetry2nix": {
      "inputs": {
        "flake-utils": [
          "nixvim",
          "beautysh",
          "utils"
        ],
        "nixpkgs": [
          "nixvim",
          "beautysh",
          "nixpkgs"
        ]
      },
      "locked": {
        "lastModified": 1658665240,
        "narHash": "sha256-/wkx7D7enyBPRjIkK0w7QxLQhzEkb3UxNQnjyc3FTUI=",
        "owner": "nix-community",
        "repo": "poetry2nix",
        "rev": "8b8edc85d24661d5a6d0d71d6a7011f3e699780f",
        "type": "github"
      },
      "original": {
        "owner": "nix-community",
        "repo": "poetry2nix",
        "type": "github"
      }
    },
    "pre-commit-hooks": {
      "inputs": {
        "flake-compat": "flake-compat_2",
        "flake-utils": "flake-utils_2",
        "gitignore": "gitignore",
        "nixpkgs": [
          "nixvim",
          "nixpkgs"
        ],
        "nixpkgs-stable": "nixpkgs-stable"
      },
      "locked": {
        "lastModified": 1677722096,
        "narHash": "sha256-7mjVMvCs9InnrRybBfr5ohqcOz+pyEX8m22C1XsDilg=",
        "owner": "cachix",
        "repo": "pre-commit-hooks.nix",
        "rev": "61a3511668891c68ebd19d40122150b98dc2fe3b",
        "type": "github"
      },
      "original": {
        "owner": "cachix",
        "repo": "pre-commit-hooks.nix",
        "type": "github"
      }
    },
    "root": {
      "inputs": {
        "arkenfox": "arkenfox",
        "hardware": "hardware",
        "home-manager": "home-manager",
        "nix-colors": "nix-colors",
        "nixpkgs": "nixpkgs_2",
        "nixvim": "nixvim",
        "nur": "nur"
      }
    },
    "utils": {
      "locked": {
        "lastModified": 1676283394,
        "narHash": "sha256-XX2f9c3iySLCw54rJ/CZs+ZK6IQy7GXNY4nSOyu2QG4=",
        "owner": "numtide",
        "repo": "flake-utils",
        "rev": "3db36a8b464d0c4532ba1c7dda728f4576d6d073",
        "type": "github"
      },
      "original": {
        "owner": "numtide",
        "repo": "flake-utils",
        "type": "github"
      }
    },
    "utils_2": {
      "locked": {
        "lastModified": 1667395993,
        "narHash": "sha256-nuEHfE/LcWyuSWnS8t12N1wc105Qtau+/OdUAjtQ0rA=",
        "owner": "numtide",
        "repo": "flake-utils",
        "rev": "5aed5285a952e0b949eb3ba02c12fa4fcfef535f",
        "type": "github"
      },
      "original": {
        "owner": "numtide",
        "repo": "flake-utils",
        "type": "github"
      }
    }
  },
  "root": "root",
  "version": 7
}
